
Microsoft Visual Studio Solution File, Format Version 12.00
# Visual Studio Version 16
VisualStudioVersion = 16.0.28803.452
MinimumVisualStudioVersion = 10.0.40219.1
Project("{FAE04EC0-301F-11D3-BF4B-00C04F79EFBC}") = "Drill23Enums", "Drill23Enums\Drill23Enums.csproj", "{4627E3FB-2036-46AC-B6FE-948D899C028E}"
EndProject
Global
	GlobalSection(SolutionConfigurationPlatforms) = preSolution
		Debug|Any CPU = Debug|Any CPU
		Release|Any CPU = Release|Any CPU
	EndGlobalSection
	GlobalSection(ProjectConfigurationPlatforms) = postSolution
		{4627E3FB-2036-46AC-B6FE-948D899C028E}.Debug|Any CPU.ActiveCfg = Debug|Any CPU
		{4627E3FB-2036-46AC-B6FE-948D899C028E}.Debug|Any CPU.Build.0 = Debug|Any CPU
		{4627E3FB-2036-46AC-B6FE-948D899C028E}.Release|Any CPU.ActiveCfg = Release|Any CPU
		{4627E3FB-2036-46AC-B6FE-948D899C028E}.Release|Any CPU.Build.0 = Release|Any CPU
	EndGlobalSection
	GlobalSection(SolutionProperties) = preSolution
		HideSolutionNode = FALSE
	EndGlobalSection
	GlobalSection(ExtensibilityGlobals) = postSolution
		SolutionGuid = {82828046-D28E-4093-B04B-6125DB2E0376}
	EndGlobalSection
EndGlobal
