
Microsoft Visual Studio Solution File, Format Version 12.00
# Visual Studio Version 16
VisualStudioVersion = 16.0.28803.452
MinimumVisualStudioVersion = 10.0.40219.1
Project("{FAE04EC0-301F-11D3-BF4B-00C04F79EFBC}") = "Drill5Comp", "Drill5Comp\Drill5Comp.csproj", "{EAC64476-DC7B-4554-AB4E-F02E58FB1D75}"
EndProject
Global
	GlobalSection(SolutionConfigurationPlatforms) = preSolution
		Debug|Any CPU = Debug|Any CPU
		Release|Any CPU = Release|Any CPU
	EndGlobalSection
	GlobalSection(ProjectConfigurationPlatforms) = postSolution
		{EAC64476-DC7B-4554-AB4E-F02E58FB1D75}.Debug|Any CPU.ActiveCfg = Debug|Any CPU
		{EAC64476-DC7B-4554-AB4E-F02E58FB1D75}.Debug|Any CPU.Build.0 = Debug|Any CPU
		{EAC64476-DC7B-4554-AB4E-F02E58FB1D75}.Release|Any CPU.ActiveCfg = Release|Any CPU
		{EAC64476-DC7B-4554-AB4E-F02E58FB1D75}.Release|Any CPU.Build.0 = Release|Any CPU
	EndGlobalSection
	GlobalSection(SolutionProperties) = preSolution
		HideSolutionNode = FALSE
	EndGlobalSection
	GlobalSection(ExtensibilityGlobals) = postSolution
		SolutionGuid = {F22CD41B-B0A6-480B-9440-3E1CF245BC83}
	EndGlobalSection
EndGlobal
